// !$*UTF8*$!
{
	archiveVersion = 1;
	classes = {
	};
	objectVersion = 46;
	objects = {

/* Begin PBXBuildFile section */
		9082A2541994AD6800F92948 /* Foundation.framework in Frameworks */ = {isa = PBXBuildFile; fileRef = 9082A2531994AD6800F92948 /* Foundation.framework */; };
		9082A2561994AD6800F92948 /* CoreGraphics.framework in Frameworks */ = {isa = PBXBuildFile; fileRef = 9082A2551994AD6800F92948 /* CoreGraphics.framework */; };
		9082A2581994AD6800F92948 /* UIKit.framework in Frameworks */ = {isa = PBXBuildFile; fileRef = 9082A2571994AD6800F92948 /* UIKit.framework */; };
		9082A25A1994AD6800F92948 /* CoreData.framework in Frameworks */ = {isa = PBXBuildFile; fileRef = 9082A2591994AD6800F92948 /* CoreData.framework */; };
		9082A2601994AD6800F92948 /* InfoPlist.strings in Resources */ = {isa = PBXBuildFile; fileRef = 9082A25E1994AD6800F92948 /* InfoPlist.strings */; };
		9082A2621994AD6800F92948 /* main.m in Sources */ = {isa = PBXBuildFile; fileRef = 9082A2611994AD6800F92948 /* main.m */; };
		9082A2661994AD6800F92948 /* AppDelegate.m in Sources */ = {isa = PBXBuildFile; fileRef = 9082A2651994AD6800F92948 /* AppDelegate.m */; };
		9082A2691994AD6800F92948 /* FindASeat.xcdatamodeld in Sources */ = {isa = PBXBuildFile; fileRef = 9082A2671994AD6800F92948 /* FindASeat.xcdatamodeld */; };
		9082A26B1994AD6800F92948 /* Images.xcassets in Resources */ = {isa = PBXBuildFile; fileRef = 9082A26A1994AD6800F92948 /* Images.xcassets */; };
		9082A2721994AD6800F92948 /* XCTest.framework in Frameworks */ = {isa = PBXBuildFile; fileRef = 9082A2711994AD6800F92948 /* XCTest.framework */; };
		9082A2731994AD6800F92948 /* Foundation.framework in Frameworks */ = {isa = PBXBuildFile; fileRef = 9082A2531994AD6800F92948 /* Foundation.framework */; };
		9082A2741994AD6800F92948 /* UIKit.framework in Frameworks */ = {isa = PBXBuildFile; fileRef = 9082A2571994AD6800F92948 /* UIKit.framework */; };
		9082A2751994AD6800F92948 /* CoreData.framework in Frameworks */ = {isa = PBXBuildFile; fileRef = 9082A2591994AD6800F92948 /* CoreData.framework */; };
		9082A27D1994AD6800F92948 /* InfoPlist.strings in Resources */ = {isa = PBXBuildFile; fileRef = 9082A27B1994AD6800F92948 /* InfoPlist.strings */; };
		9082A27F1994AD6800F92948 /* FindASeatTests.m in Sources */ = {isa = PBXBuildFile; fileRef = 9082A27E1994AD6800F92948 /* FindASeatTests.m */; };
		9082A2891994AD7B00F92948 /* Parse.framework in Frameworks */ = {isa = PBXBuildFile; fileRef = 9082A2881994AD7B00F92948 /* Parse.framework */; };
		9082A28B1994ADB200F92948 /* AudioToolbox.framework in Frameworks */ = {isa = PBXBuildFile; fileRef = 9082A28A1994ADB200F92948 /* AudioToolbox.framework */; };
		9082A28D1994ADBA00F92948 /* CFNetwork.framework in Frameworks */ = {isa = PBXBuildFile; fileRef = 9082A28C1994ADBA00F92948 /* CFNetwork.framework */; };
		9082A28F1994ADC800F92948 /* CoreLocation.framework in Frameworks */ = {isa = PBXBuildFile; fileRef = 9082A28E1994ADC800F92948 /* CoreLocation.framework */; };
		9082A2911994ADD100F92948 /* MobileCoreServices.framework in Frameworks */ = {isa = PBXBuildFile; fileRef = 9082A2901994ADD100F92948 /* MobileCoreServices.framework */; };
		9082A2931994ADD800F92948 /* QuartzCore.framework in Frameworks */ = {isa = PBXBuildFile; fileRef = 9082A2921994ADD800F92948 /* QuartzCore.framework */; };
		9082A2951994ADDE00F92948 /* Security.framework in Frameworks */ = {isa = PBXBuildFile; fileRef = 9082A2941994ADDE00F92948 /* Security.framework */; };
		9082A2971994ADE300F92948 /* StoreKit.framework in Frameworks */ = {isa = PBXBuildFile; fileRef = 9082A2961994ADE300F92948 /* StoreKit.framework */; };
		9082A2991994ADEC00F92948 /* SystemConfiguration.framework in Frameworks */ = {isa = PBXBuildFile; fileRef = 9082A2981994ADEC00F92948 /* SystemConfiguration.framework */; };
		9082A29B1994ADFA00F92948 /* libz.1.1.3.dylib in Frameworks */ = {isa = PBXBuildFile; fileRef = 9082A29A1994ADFA00F92948 /* libz.1.1.3.dylib */; };
		9082A29F1994AEBB00F92948 /* IWHallViewController.m in Sources */ = {isa = PBXBuildFile; fileRef = 9082A29D1994AEBB00F92948 /* IWHallViewController.m */; };
		9082A2A01994AEBB00F92948 /* IWHallViewController.xib in Resources */ = {isa = PBXBuildFile; fileRef = 9082A29E1994AEBB00F92948 /* IWHallViewController.xib */; };
		9082A2A31994AFC500F92948 /* IWServerManager.m in Sources */ = {isa = PBXBuildFile; fileRef = 9082A2A21994AFC500F92948 /* IWServerManager.m */; };
		A5CE48461994B74E00E75708 /* IWSeatsView.m in Sources */ = {isa = PBXBuildFile; fileRef = A5CE48451994B74E00E75708 /* IWSeatsView.m */; };
		9082A2A71994BA4900F92948 /* IWEntranceManager.m in Sources */ = {isa = PBXBuildFile; fileRef = 9082A2A61994BA4900F92948 /* IWEntranceManager.m */; };
/* End PBXBuildFile section */

/* Begin PBXContainerItemProxy section */
		9082A2761994AD6800F92948 /* PBXContainerItemProxy */ = {
			isa = PBXContainerItemProxy;
			containerPortal = 9082A2481994AD6800F92948 /* Project object */;
			proxyType = 1;
			remoteGlobalIDString = 9082A24F1994AD6800F92948;
			remoteInfo = FindASeat;
		};
/* End PBXContainerItemProxy section */

/* Begin PBXFileReference section */
		9082A2501994AD6800F92948 /* FindASeat.app */ = {isa = PBXFileReference; explicitFileType = wrapper.application; includeInIndex = 0; path = FindASeat.app; sourceTree = BUILT_PRODUCTS_DIR; };
		9082A2531994AD6800F92948 /* Foundation.framework */ = {isa = PBXFileReference; lastKnownFileType = wrapper.framework; name = Foundation.framework; path = System/Library/Frameworks/Foundation.framework; sourceTree = SDKROOT; };
		9082A2551994AD6800F92948 /* CoreGraphics.framework */ = {isa = PBXFileReference; lastKnownFileType = wrapper.framework; name = CoreGraphics.framework; path = System/Library/Frameworks/CoreGraphics.framework; sourceTree = SDKROOT; };
		9082A2571994AD6800F92948 /* UIKit.framework */ = {isa = PBXFileReference; lastKnownFileType = wrapper.framework; name = UIKit.framework; path = System/Library/Frameworks/UIKit.framework; sourceTree = SDKROOT; };
		9082A2591994AD6800F92948 /* CoreData.framework */ = {isa = PBXFileReference; lastKnownFileType = wrapper.framework; name = CoreData.framework; path = System/Library/Frameworks/CoreData.framework; sourceTree = SDKROOT; };
		9082A25D1994AD6800F92948 /* FindASeat-Info.plist */ = {isa = PBXFileReference; lastKnownFileType = text.plist.xml; path = "FindASeat-Info.plist"; sourceTree = "<group>"; };
		9082A25F1994AD6800F92948 /* en */ = {isa = PBXFileReference; lastKnownFileType = text.plist.strings; name = en; path = en.lproj/InfoPlist.strings; sourceTree = "<group>"; };
		9082A2611994AD6800F92948 /* main.m */ = {isa = PBXFileReference; lastKnownFileType = sourcecode.c.objc; path = main.m; sourceTree = "<group>"; };
		9082A2631994AD6800F92948 /* FindASeat-Prefix.pch */ = {isa = PBXFileReference; lastKnownFileType = sourcecode.c.h; path = "FindASeat-Prefix.pch"; sourceTree = "<group>"; };
		9082A2641994AD6800F92948 /* AppDelegate.h */ = {isa = PBXFileReference; lastKnownFileType = sourcecode.c.h; path = AppDelegate.h; sourceTree = "<group>"; };
		9082A2651994AD6800F92948 /* AppDelegate.m */ = {isa = PBXFileReference; lastKnownFileType = sourcecode.c.objc; path = AppDelegate.m; sourceTree = "<group>"; };
		9082A2681994AD6800F92948 /* FindASeat.xcdatamodel */ = {isa = PBXFileReference; lastKnownFileType = wrapper.xcdatamodel; path = FindASeat.xcdatamodel; sourceTree = "<group>"; };
		9082A26A1994AD6800F92948 /* Images.xcassets */ = {isa = PBXFileReference; lastKnownFileType = folder.assetcatalog; path = Images.xcassets; sourceTree = "<group>"; };
		9082A2701994AD6800F92948 /* FindASeatTests.xctest */ = {isa = PBXFileReference; explicitFileType = wrapper.cfbundle; includeInIndex = 0; path = FindASeatTests.xctest; sourceTree = BUILT_PRODUCTS_DIR; };
		9082A2711994AD6800F92948 /* XCTest.framework */ = {isa = PBXFileReference; lastKnownFileType = wrapper.framework; name = XCTest.framework; path = Library/Frameworks/XCTest.framework; sourceTree = DEVELOPER_DIR; };
		9082A27A1994AD6800F92948 /* FindASeatTests-Info.plist */ = {isa = PBXFileReference; lastKnownFileType = text.plist.xml; path = "FindASeatTests-Info.plist"; sourceTree = "<group>"; };
		9082A27C1994AD6800F92948 /* en */ = {isa = PBXFileReference; lastKnownFileType = text.plist.strings; name = en; path = en.lproj/InfoPlist.strings; sourceTree = "<group>"; };
		9082A27E1994AD6800F92948 /* FindASeatTests.m */ = {isa = PBXFileReference; lastKnownFileType = sourcecode.c.objc; path = FindASeatTests.m; sourceTree = "<group>"; };
		9082A2881994AD7B00F92948 /* Parse.framework */ = {isa = PBXFileReference; lastKnownFileType = wrapper.framework; path = Parse.framework; sourceTree = "<group>"; };
		9082A28A1994ADB200F92948 /* AudioToolbox.framework */ = {isa = PBXFileReference; lastKnownFileType = wrapper.framework; name = AudioToolbox.framework; path = System/Library/Frameworks/AudioToolbox.framework; sourceTree = SDKROOT; };
		9082A28C1994ADBA00F92948 /* CFNetwork.framework */ = {isa = PBXFileReference; lastKnownFileType = wrapper.framework; name = CFNetwork.framework; path = System/Library/Frameworks/CFNetwork.framework; sourceTree = SDKROOT; };
		9082A28E1994ADC800F92948 /* CoreLocation.framework */ = {isa = PBXFileReference; lastKnownFileType = wrapper.framework; name = CoreLocation.framework; path = System/Library/Frameworks/CoreLocation.framework; sourceTree = SDKROOT; };
		9082A2901994ADD100F92948 /* MobileCoreServices.framework */ = {isa = PBXFileReference; lastKnownFileType = wrapper.framework; name = MobileCoreServices.framework; path = System/Library/Frameworks/MobileCoreServices.framework; sourceTree = SDKROOT; };
		9082A2921994ADD800F92948 /* QuartzCore.framework */ = {isa = PBXFileReference; lastKnownFileType = wrapper.framework; name = QuartzCore.framework; path = System/Library/Frameworks/QuartzCore.framework; sourceTree = SDKROOT; };
		9082A2941994ADDE00F92948 /* Security.framework */ = {isa = PBXFileReference; lastKnownFileType = wrapper.framework; name = Security.framework; path = System/Library/Frameworks/Security.framework; sourceTree = SDKROOT; };
		9082A2961994ADE300F92948 /* StoreKit.framework */ = {isa = PBXFileReference; lastKnownFileType = wrapper.framework; name = StoreKit.framework; path = System/Library/Frameworks/StoreKit.framework; sourceTree = SDKROOT; };
		9082A2981994ADEC00F92948 /* SystemConfiguration.framework */ = {isa = PBXFileReference; lastKnownFileType = wrapper.framework; name = SystemConfiguration.framework; path = System/Library/Frameworks/SystemConfiguration.framework; sourceTree = SDKROOT; };
		9082A29A1994ADFA00F92948 /* libz.1.1.3.dylib */ = {isa = PBXFileReference; lastKnownFileType = "compiled.mach-o.dylib"; name = libz.1.1.3.dylib; path = usr/lib/libz.1.1.3.dylib; sourceTree = SDKROOT; };
		9082A29C1994AEBB00F92948 /* IWHallViewController.h */ = {isa = PBXFileReference; fileEncoding = 4; lastKnownFileType = sourcecode.c.h; path = IWHallViewController.h; sourceTree = "<group>"; };
		9082A29D1994AEBB00F92948 /* IWHallViewController.m */ = {isa = PBXFileReference; fileEncoding = 4; lastKnownFileType = sourcecode.c.objc; path = IWHallViewController.m; sourceTree = "<group>"; };
		9082A29E1994AEBB00F92948 /* IWHallViewController.xib */ = {isa = PBXFileReference; fileEncoding = 4; lastKnownFileType = file.xib; path = IWHallViewController.xib; sourceTree = "<group>"; };
		9082A2A11994AFC500F92948 /* IWServerManager.h */ = {isa = PBXFileReference; fileEncoding = 4; lastKnownFileType = sourcecode.c.h; path = IWServerManager.h; sourceTree = "<group>"; };
		9082A2A21994AFC500F92948 /* IWServerManager.m */ = {isa = PBXFileReference; fileEncoding = 4; lastKnownFileType = sourcecode.c.objc; path = IWServerManager.m; sourceTree = "<group>"; };
		A5CE48441994B74E00E75708 /* IWSeatsView.h */ = {isa = PBXFileReference; fileEncoding = 4; lastKnownFileType = sourcecode.c.h; path = IWSeatsView.h; sourceTree = "<group>"; };
		A5CE48451994B74E00E75708 /* IWSeatsView.m */ = {isa = PBXFileReference; fileEncoding = 4; lastKnownFileType = sourcecode.c.objc; path = IWSeatsView.m; sourceTree = "<group>"; };
		9082A2A51994BA4900F92948 /* IWEntranceManager.h */ = {isa = PBXFileReference; fileEncoding = 4; lastKnownFileType = sourcecode.c.h; path = IWEntranceManager.h; sourceTree = "<group>"; };
		9082A2A61994BA4900F92948 /* IWEntranceManager.m */ = {isa = PBXFileReference; fileEncoding = 4; lastKnownFileType = sourcecode.c.objc; path = IWEntranceManager.m; sourceTree = "<group>"; };
/* End PBXFileReference section */

/* Begin PBXFrameworksBuildPhase section */
		9082A24D1994AD6800F92948 /* Frameworks */ = {
			isa = PBXFrameworksBuildPhase;
			buildActionMask = 2147483647;
			files = (
				9082A29B1994ADFA00F92948 /* libz.1.1.3.dylib in Frameworks */,
				9082A2991994ADEC00F92948 /* SystemConfiguration.framework in Frameworks */,
				9082A2971994ADE300F92948 /* StoreKit.framework in Frameworks */,
				9082A2951994ADDE00F92948 /* Security.framework in Frameworks */,
				9082A2931994ADD800F92948 /* QuartzCore.framework in Frameworks */,
				9082A2911994ADD100F92948 /* MobileCoreServices.framework in Frameworks */,
				9082A28F1994ADC800F92948 /* CoreLocation.framework in Frameworks */,
				9082A28D1994ADBA00F92948 /* CFNetwork.framework in Frameworks */,
				9082A28B1994ADB200F92948 /* AudioToolbox.framework in Frameworks */,
				9082A2561994AD6800F92948 /* CoreGraphics.framework in Frameworks */,
				9082A25A1994AD6800F92948 /* CoreData.framework in Frameworks */,
				9082A2581994AD6800F92948 /* UIKit.framework in Frameworks */,
				9082A2541994AD6800F92948 /* Foundation.framework in Frameworks */,
				9082A2891994AD7B00F92948 /* Parse.framework in Frameworks */,
			);
			runOnlyForDeploymentPostprocessing = 0;
		};
		9082A26D1994AD6800F92948 /* Frameworks */ = {
			isa = PBXFrameworksBuildPhase;
			buildActionMask = 2147483647;
			files = (
				9082A2721994AD6800F92948 /* XCTest.framework in Frameworks */,
				9082A2751994AD6800F92948 /* CoreData.framework in Frameworks */,
				9082A2741994AD6800F92948 /* UIKit.framework in Frameworks */,
				9082A2731994AD6800F92948 /* Foundation.framework in Frameworks */,
			);
			runOnlyForDeploymentPostprocessing = 0;
		};
/* End PBXFrameworksBuildPhase section */

/* Begin PBXGroup section */
		9082A2471994AD6800F92948 = {
			isa = PBXGroup;
			children = (
				9082A25B1994AD6800F92948 /* FindASeat */,
				9082A2781994AD6800F92948 /* FindASeatTests */,
				9082A2521994AD6800F92948 /* Frameworks */,
				9082A2511994AD6800F92948 /* Products */,
			);
			sourceTree = "<group>";
		};
		9082A2511994AD6800F92948 /* Products */ = {
			isa = PBXGroup;
			children = (
				9082A2501994AD6800F92948 /* FindASeat.app */,
				9082A2701994AD6800F92948 /* FindASeatTests.xctest */,
			);
			name = Products;
			sourceTree = "<group>";
		};
		9082A2521994AD6800F92948 /* Frameworks */ = {
			isa = PBXGroup;
			children = (
				9082A29A1994ADFA00F92948 /* libz.1.1.3.dylib */,
				9082A2981994ADEC00F92948 /* SystemConfiguration.framework */,
				9082A2961994ADE300F92948 /* StoreKit.framework */,
				9082A2941994ADDE00F92948 /* Security.framework */,
				9082A2921994ADD800F92948 /* QuartzCore.framework */,
				9082A2901994ADD100F92948 /* MobileCoreServices.framework */,
				9082A28E1994ADC800F92948 /* CoreLocation.framework */,
				9082A28C1994ADBA00F92948 /* CFNetwork.framework */,
				9082A28A1994ADB200F92948 /* AudioToolbox.framework */,
				9082A2881994AD7B00F92948 /* Parse.framework */,
				9082A2531994AD6800F92948 /* Foundation.framework */,
				9082A2551994AD6800F92948 /* CoreGraphics.framework */,
				9082A2571994AD6800F92948 /* UIKit.framework */,
				9082A2591994AD6800F92948 /* CoreData.framework */,
				9082A2711994AD6800F92948 /* XCTest.framework */,
			);
			name = Frameworks;
			sourceTree = "<group>";
		};
		9082A25B1994AD6800F92948 /* FindASeat */ = {
			isa = PBXGroup;
			children = (
				9082A2641994AD6800F92948 /* AppDelegate.h */,
				9082A2651994AD6800F92948 /* AppDelegate.m */,
				9082A29C1994AEBB00F92948 /* IWHallViewController.h */,
				9082A29D1994AEBB00F92948 /* IWHallViewController.m */,
				9082A29E1994AEBB00F92948 /* IWHallViewController.xib */,
				A5CE48441994B74E00E75708 /* IWSeatsView.h */,
				A5CE48451994B74E00E75708 /* IWSeatsView.m */,
				9082A2A81994BC7B00F92948 /* Model */,
				9082A2A41994AFCC00F92948 /* Network */,
				9082A26A1994AD6800F92948 /* Images.xcassets */,
				9082A2671994AD6800F92948 /* FindASeat.xcdatamodeld */,
				9082A25C1994AD6800F92948 /* Supporting Files */,
			);
			path = FindASeat;
			sourceTree = "<group>";
		};
		9082A25C1994AD6800F92948 /* Supporting Files */ = {
			isa = PBXGroup;
			children = (
				9082A25D1994AD6800F92948 /* FindASeat-Info.plist */,
				9082A25E1994AD6800F92948 /* InfoPlist.strings */,
				9082A2611994AD6800F92948 /* main.m */,
				9082A2631994AD6800F92948 /* FindASeat-Prefix.pch */,
			);
			name = "Supporting Files";
			sourceTree = "<group>";
		};
		9082A2781994AD6800F92948 /* FindASeatTests */ = {
			isa = PBXGroup;
			children = (
				9082A27E1994AD6800F92948 /* FindASeatTests.m */,
				9082A2791994AD6800F92948 /* Supporting Files */,
			);
			path = FindASeatTests;
			sourceTree = "<group>";
		};
		9082A2791994AD6800F92948 /* Supporting Files */ = {
			isa = PBXGroup;
			children = (
				9082A27A1994AD6800F92948 /* FindASeatTests-Info.plist */,
				9082A27B1994AD6800F92948 /* InfoPlist.strings */,
			);
			name = "Supporting Files";
			sourceTree = "<group>";
		};
		9082A2A41994AFCC00F92948 /* Network */ = {
			isa = PBXGroup;
			children = (
				9082A2A51994BA4900F92948 /* IWEntranceManager.h */,
				9082A2A61994BA4900F92948 /* IWEntranceManager.m */,
				9082A2A11994AFC500F92948 /* IWServerManager.h */,
				9082A2A21994AFC500F92948 /* IWServerManager.m */,
			);
			name = Network;
			sourceTree = "<group>";
		};
		9082A2A81994BC7B00F92948 /* Model */ = {
			isa = PBXGroup;
			children = (
			);
			name = Model;
			sourceTree = "<group>";
		};
/* End PBXGroup section */

/* Begin PBXNativeTarget section */
		9082A24F1994AD6800F92948 /* FindASeat */ = {
			isa = PBXNativeTarget;
			buildConfigurationList = 9082A2821994AD6800F92948 /* Build configuration list for PBXNativeTarget "FindASeat" */;
			buildPhases = (
				9082A24C1994AD6800F92948 /* Sources */,
				9082A24D1994AD6800F92948 /* Frameworks */,
				9082A24E1994AD6800F92948 /* Resources */,
			);
			buildRules = (
			);
			dependencies = (
			);
			name = FindASeat;
			productName = FindASeat;
			productReference = 9082A2501994AD6800F92948 /* FindASeat.app */;
			productType = "com.apple.product-type.application";
		};
		9082A26F1994AD6800F92948 /* FindASeatTests */ = {
			isa = PBXNativeTarget;
			buildConfigurationList = 9082A2851994AD6800F92948 /* Build configuration list for PBXNativeTarget "FindASeatTests" */;
			buildPhases = (
				9082A26C1994AD6800F92948 /* Sources */,
				9082A26D1994AD6800F92948 /* Frameworks */,
				9082A26E1994AD6800F92948 /* Resources */,
			);
			buildRules = (
			);
			dependencies = (
				9082A2771994AD6800F92948 /* PBXTargetDependency */,
			);
			name = FindASeatTests;
			productName = FindASeatTests;
			productReference = 9082A2701994AD6800F92948 /* FindASeatTests.xctest */;
			productType = "com.apple.product-type.bundle.unit-test";
		};
/* End PBXNativeTarget section */

/* Begin PBXProject section */
		9082A2481994AD6800F92948 /* Project object */ = {
			isa = PBXProject;
			attributes = {
				CLASSPREFIX = IW;
				LastUpgradeCheck = 0510;
				ORGANIZATIONNAME = IWorkshop;
				TargetAttributes = {
					9082A26F1994AD6800F92948 = {
						TestTargetID = 9082A24F1994AD6800F92948;
					};
				};
			};
			buildConfigurationList = 9082A24B1994AD6800F92948 /* Build configuration list for PBXProject "FindASeat" */;
			compatibilityVersion = "Xcode 3.2";
			developmentRegion = English;
			hasScannedForEncodings = 0;
			knownRegions = (
				en,
			);
			mainGroup = 9082A2471994AD6800F92948;
			productRefGroup = 9082A2511994AD6800F92948 /* Products */;
			projectDirPath = "";
			projectRoot = "";
			targets = (
				9082A24F1994AD6800F92948 /* FindASeat */,
				9082A26F1994AD6800F92948 /* FindASeatTests */,
			);
		};
/* End PBXProject section */

/* Begin PBXResourcesBuildPhase section */
		9082A24E1994AD6800F92948 /* Resources */ = {
			isa = PBXResourcesBuildPhase;
			buildActionMask = 2147483647;
			files = (
				9082A2601994AD6800F92948 /* InfoPlist.strings in Resources */,
				9082A2A01994AEBB00F92948 /* IWHallViewController.xib in Resources */,
				9082A26B1994AD6800F92948 /* Images.xcassets in Resources */,
			);
			runOnlyForDeploymentPostprocessing = 0;
		};
		9082A26E1994AD6800F92948 /* Resources */ = {
			isa = PBXResourcesBuildPhase;
			buildActionMask = 2147483647;
			files = (
				9082A27D1994AD6800F92948 /* InfoPlist.strings in Resources */,
			);
			runOnlyForDeploymentPostprocessing = 0;
		};
/* End PBXResourcesBuildPhase section */

/* Begin PBXSourcesBuildPhase section */
		9082A24C1994AD6800F92948 /* Sources */ = {
			isa = PBXSourcesBuildPhase;
			buildActionMask = 2147483647;
			files = (
				9082A2661994AD6800F92948 /* AppDelegate.m in Sources */,
				9082A2A31994AFC500F92948 /* IWServerManager.m in Sources */,
				9082A29F1994AEBB00F92948 /* IWHallViewController.m in Sources */,
				A5CE48461994B74E00E75708 /* IWSeatsView.m in Sources */,
				9082A2A71994BA4900F92948 /* IWEntranceManager.m in Sources */,
				9082A2691994AD6800F92948 /* FindASeat.xcdatamodeld in Sources */,
				9082A2621994AD6800F92948 /* main.m in Sources */,
			);
			runOnlyForDeploymentPostprocessing = 0;
		};
		9082A26C1994AD6800F92948 /* Sources */ = {
			isa = PBXSourcesBuildPhase;
			buildActionMask = 2147483647;
			files = (
				9082A27F1994AD6800F92948 /* FindASeatTests.m in Sources */,
			);
			runOnlyForDeploymentPostprocessing = 0;
		};
/* End PBXSourcesBuildPhase section */

/* Begin PBXTargetDependency section */
		9082A2771994AD6800F92948 /* PBXTargetDependency */ = {
			isa = PBXTargetDependency;
			target = 9082A24F1994AD6800F92948 /* FindASeat */;
			targetProxy = 9082A2761994AD6800F92948 /* PBXContainerItemProxy */;
		};
/* End PBXTargetDependency section */

/* Begin PBXVariantGroup section */
		9082A25E1994AD6800F92948 /* InfoPlist.strings */ = {
			isa = PBXVariantGroup;
			children = (
				9082A25F1994AD6800F92948 /* en */,
			);
			name = InfoPlist.strings;
			sourceTree = "<group>";
		};
		9082A27B1994AD6800F92948 /* InfoPlist.strings */ = {
			isa = PBXVariantGroup;
			children = (
				9082A27C1994AD6800F92948 /* en */,
			);
			name = InfoPlist.strings;
			sourceTree = "<group>";
		};
/* End PBXVariantGroup section */

/* Begin XCBuildConfiguration section */
		9082A2801994AD6800F92948 /* Debug */ = {
			isa = XCBuildConfiguration;
			buildSettings = {
				ALWAYS_SEARCH_USER_PATHS = NO;
				CLANG_CXX_LANGUAGE_STANDARD = "gnu++0x";
				CLANG_CXX_LIBRARY = "libc++";
				CLANG_ENABLE_MODULES = YES;
				CLANG_ENABLE_OBJC_ARC = YES;
				CLANG_WARN_BOOL_CONVERSION = YES;
				CLANG_WARN_CONSTANT_CONVERSION = YES;
				CLANG_WARN_DIRECT_OBJC_ISA_USAGE = YES_ERROR;
				CLANG_WARN_EMPTY_BODY = YES;
				CLANG_WARN_ENUM_CONVERSION = YES;
				CLANG_WARN_INT_CONVERSION = YES;
				CLANG_WARN_OBJC_ROOT_CLASS = YES_ERROR;
				CLANG_WARN__DUPLICATE_METHOD_MATCH = YES;
				"CODE_SIGN_IDENTITY[sdk=iphoneos*]" = "iPhone Developer";
				COPY_PHASE_STRIP = NO;
				GCC_C_LANGUAGE_STANDARD = gnu99;
				GCC_DYNAMIC_NO_PIC = NO;
				GCC_OPTIMIZATION_LEVEL = 0;
				GCC_PREPROCESSOR_DEFINITIONS = (
					"DEBUG=1",
					"$(inherited)",
				);
				GCC_SYMBOLS_PRIVATE_EXTERN = NO;
				GCC_WARN_64_TO_32_BIT_CONVERSION = YES;
				GCC_WARN_ABOUT_RETURN_TYPE = YES_ERROR;
				GCC_WARN_UNDECLARED_SELECTOR = YES;
				GCC_WARN_UNINITIALIZED_AUTOS = YES_AGGRESSIVE;
				GCC_WARN_UNUSED_FUNCTION = YES;
				GCC_WARN_UNUSED_VARIABLE = YES;
				IPHONEOS_DEPLOYMENT_TARGET = 7.1;
				ONLY_ACTIVE_ARCH = YES;
				SDKROOT = iphoneos;
			};
			name = Debug;
		};
		9082A2811994AD6800F92948 /* Release */ = {
			isa = XCBuildConfiguration;
			buildSettings = {
				ALWAYS_SEARCH_USER_PATHS = NO;
				CLANG_CXX_LANGUAGE_STANDARD = "gnu++0x";
				CLANG_CXX_LIBRARY = "libc++";
				CLANG_ENABLE_MODULES = YES;
				CLANG_ENABLE_OBJC_ARC = YES;
				CLANG_WARN_BOOL_CONVERSION = YES;
				CLANG_WARN_CONSTANT_CONVERSION = YES;
				CLANG_WARN_DIRECT_OBJC_ISA_USAGE = YES_ERROR;
				CLANG_WARN_EMPTY_BODY = YES;
				CLANG_WARN_ENUM_CONVERSION = YES;
				CLANG_WARN_INT_CONVERSION = YES;
				CLANG_WARN_OBJC_ROOT_CLASS = YES_ERROR;
				CLANG_WARN__DUPLICATE_METHOD_MATCH = YES;
				"CODE_SIGN_IDENTITY[sdk=iphoneos*]" = "iPhone Developer";
				COPY_PHASE_STRIP = YES;
				ENABLE_NS_ASSERTIONS = NO;
				GCC_C_LANGUAGE_STANDARD = gnu99;
				GCC_WARN_64_TO_32_BIT_CONVERSION = YES;
				GCC_WARN_ABOUT_RETURN_TYPE = YES_ERROR;
				GCC_WARN_UNDECLARED_SELECTOR = YES;
				GCC_WARN_UNINITIALIZED_AUTOS = YES_AGGRESSIVE;
				GCC_WARN_UNUSED_FUNCTION = YES;
				GCC_WARN_UNUSED_VARIABLE = YES;
				IPHONEOS_DEPLOYMENT_TARGET = 7.1;
				SDKROOT = iphoneos;
				VALIDATE_PRODUCT = YES;
			};
			name = Release;
		};
		9082A2831994AD6800F92948 /* Debug */ = {
			isa = XCBuildConfiguration;
			buildSettings = {
				ASSETCATALOG_COMPILER_APPICON_NAME = AppIcon;
				ASSETCATALOG_COMPILER_LAUNCHIMAGE_NAME = LaunchImage;
				FRAMEWORK_SEARCH_PATHS = (
					"$(inherited)",
					"$(PROJECT_DIR)",
				);
				GCC_PRECOMPILE_PREFIX_HEADER = YES;
				GCC_PREFIX_HEADER = "FindASeat/FindASeat-Prefix.pch";
				INFOPLIST_FILE = "FindASeat/FindASeat-Info.plist";
				PRODUCT_NAME = "$(TARGET_NAME)";
				WRAPPER_EXTENSION = app;
			};
			name = Debug;
		};
		9082A2841994AD6800F92948 /* Release */ = {
			isa = XCBuildConfiguration;
			buildSettings = {
				ASSETCATALOG_COMPILER_APPICON_NAME = AppIcon;
				ASSETCATALOG_COMPILER_LAUNCHIMAGE_NAME = LaunchImage;
				FRAMEWORK_SEARCH_PATHS = (
					"$(inherited)",
					"$(PROJECT_DIR)",
				);
				GCC_PRECOMPILE_PREFIX_HEADER = YES;
				GCC_PREFIX_HEADER = "FindASeat/FindASeat-Prefix.pch";
				INFOPLIST_FILE = "FindASeat/FindASeat-Info.plist";
				PRODUCT_NAME = "$(TARGET_NAME)";
				WRAPPER_EXTENSION = app;
			};
			name = Release;
		};
		9082A2861994AD6800F92948 /* Debug */ = {
			isa = XCBuildConfiguration;
			buildSettings = {
				BUNDLE_LOADER = "$(BUILT_PRODUCTS_DIR)/FindASeat.app/FindASeat";
				FRAMEWORK_SEARCH_PATHS = (
					"$(SDKROOT)/Developer/Library/Frameworks",
					"$(inherited)",
					"$(DEVELOPER_FRAMEWORKS_DIR)",
				);
				GCC_PRECOMPILE_PREFIX_HEADER = YES;
				GCC_PREFIX_HEADER = "FindASeat/FindASeat-Prefix.pch";
				GCC_PREPROCESSOR_DEFINITIONS = (
					"DEBUG=1",
					"$(inherited)",
				);
				INFOPLIST_FILE = "FindASeatTests/FindASeatTests-Info.plist";
				PRODUCT_NAME = "$(TARGET_NAME)";
				TEST_HOST = "$(BUNDLE_LOADER)";
				WRAPPER_EXTENSION = xctest;
			};
			name = Debug;
		};
		9082A2871994AD6800F92948 /* Release */ = {
			isa = XCBuildConfiguration;
			buildSettings = {
				BUNDLE_LOADER = "$(BUILT_PRODUCTS_DIR)/FindASeat.app/FindASeat";
				FRAMEWORK_SEARCH_PATHS = (
					"$(SDKROOT)/Developer/Library/Frameworks",
					"$(inherited)",
					"$(DEVELOPER_FRAMEWORKS_DIR)",
				);
				GCC_PRECOMPILE_PREFIX_HEADER = YES;
				GCC_PREFIX_HEADER = "FindASeat/FindASeat-Prefix.pch";
				INFOPLIST_FILE = "FindASeatTests/FindASeatTests-Info.plist";
				PRODUCT_NAME = "$(TARGET_NAME)";
				TEST_HOST = "$(BUNDLE_LOADER)";
				WRAPPER_EXTENSION = xctest;
			};
			name = Release;
		};
/* End XCBuildConfiguration section */

/* Begin XCConfigurationList section */
		9082A24B1994AD6800F92948 /* Build configuration list for PBXProject "FindASeat" */ = {
			isa = XCConfigurationList;
			buildConfigurations = (
				9082A2801994AD6800F92948 /* Debug */,
				9082A2811994AD6800F92948 /* Release */,
			);
			defaultConfigurationIsVisible = 0;
			defaultConfigurationName = Release;
		};
		9082A2821994AD6800F92948 /* Build configuration list for PBXNativeTarget "FindASeat" */ = {
			isa = XCConfigurationList;
			buildConfigurations = (
				9082A2831994AD6800F92948 /* Debug */,
				9082A2841994AD6800F92948 /* Release */,
			);
			defaultConfigurationIsVisible = 0;
			defaultConfigurationName = Release;
		};
		9082A2851994AD6800F92948 /* Build configuration list for PBXNativeTarget "FindASeatTests" */ = {
			isa = XCConfigurationList;
			buildConfigurations = (
				9082A2861994AD6800F92948 /* Debug */,
				9082A2871994AD6800F92948 /* Release */,
			);
			defaultConfigurationIsVisible = 0;
			defaultConfigurationName = Release;
		};
/* End XCConfigurationList section */

/* Begin XCVersionGroup section */
		9082A2671994AD6800F92948 /* FindASeat.xcdatamodeld */ = {
			isa = XCVersionGroup;
			children = (
				9082A2681994AD6800F92948 /* FindASeat.xcdatamodel */,
			);
			currentVersion = 9082A2681994AD6800F92948 /* FindASeat.xcdatamodel */;
			path = FindASeat.xcdatamodeld;
			sourceTree = "<group>";
			versionGroupType = wrapper.xcdatamodel;
		};
/* End XCVersionGroup section */
	};
	rootObject = 9082A2481994AD6800F92948 /* Project object */;
}
